
Microsoft Visual Studio Solution File, Format Version 12.00
# Visual Studio Version 16
VisualStudioVersion = 16.0.31105.61
MinimumVisualStudioVersion = 10.0.40219.1
Project("{FAE04EC0-301F-11D3-BF4B-00C04F79EFBC}") = "StudentInfo", "Week2Solution\StudentInfo.csproj", "{3813C151-42CD-4D12-B31B-CDB5C2BA97D0}"
EndProject
Global
	GlobalSection(SolutionConfigurationPlatforms) = preSolution
		Debug|Any CPU = Debug|Any CPU
		Release|Any CPU = Release|Any CPU
	EndGlobalSection
	GlobalSection(ProjectConfigurationPlatforms) = postSolution
		{3813C151-42CD-4D12-B31B-CDB5C2BA97D0}.Debug|Any CPU.ActiveCfg = Debug|Any CPU
		{3813C151-42CD-4D12-B31B-CDB5C2BA97D0}.Debug|Any CPU.Build.0 = Debug|Any CPU
		{3813C151-42CD-4D12-B31B-CDB5C2BA97D0}.Release|Any CPU.ActiveCfg = Release|Any CPU
		{3813C151-42CD-4D12-B31B-CDB5C2BA97D0}.Release|Any CPU.Build.0 = Release|Any CPU
	EndGlobalSection
	GlobalSection(SolutionProperties) = preSolution
		HideSolutionNode = FALSE
	EndGlobalSection
	GlobalSection(ExtensibilityGlobals) = postSolution
		SolutionGuid = {B741DD5C-1565-47D8-80BE-836F42AB7157}
	EndGlobalSection
EndGlobal
